
Microsoft Visual Studio Solution File, Format Version 12.00
# Visual Studio Version 16
VisualStudioVersion = 16.0.30002.166
MinimumVisualStudioVersion = 10.0.40219.1
Project("{FAE04EC0-301F-11D3-BF4B-00C04F79EFBC}") = "companyweb1", "companyweb1.csproj", "{00C96E75-7F51-453C-A87C-9F3D141D241D}"
EndProject
Global
	GlobalSection(SolutionConfigurationPlatforms) = preSolution
		Debug|Any CPU = Debug|Any CPU
		Release|Any CPU = Release|Any CPU
	EndGlobalSection
	GlobalSection(ProjectConfigurationPlatforms) = postSolution
		{00C96E75-7F51-453C-A87C-9F3D141D241D}.Debug|Any CPU.ActiveCfg = Debug|Any CPU
		{00C96E75-7F51-453C-A87C-9F3D141D241D}.Debug|Any CPU.Build.0 = Debug|Any CPU
		{00C96E75-7F51-453C-A87C-9F3D141D241D}.Release|Any CPU.ActiveCfg = Release|Any CPU
		{00C96E75-7F51-453C-A87C-9F3D141D241D}.Release|Any CPU.Build.0 = Release|Any CPU
	EndGlobalSection
	GlobalSection(SolutionProperties) = preSolution
		HideSolutionNode = FALSE
	EndGlobalSection
	GlobalSection(ExtensibilityGlobals) = postSolution
		SolutionGuid = {55AE4A89-A588-4FE0-BA8E-538E0093EA18}
	EndGlobalSection
EndGlobal
